
Microsoft Visual Studio Solution File, Format Version 12.00
# Visual Studio 14
VisualStudioVersion = 14.0.24720.0
MinimumVisualStudioVersion = 10.0.40219.1
Project("{F2A71F9B-5D33-465A-A702-920D77279786}") = "Froto.Parser", "ProtoParser\Froto.Parser.fsproj", "{1C31DA31-BEC5-4E73-9D83-E36D18847439}"
EndProject
Project("{F2A71F9B-5D33-465A-A702-920D77279786}") = "Froto.Parser.Test", "ProtoParser.Test\Froto.Parser.Test.fsproj", "{18104831-6F33-4F15-AB45-3E8527CC5181}"
EndProject
Project("{F2A71F9B-5D33-465A-A702-920D77279786}") = "Froto.Core", "Core\Froto.Core.fsproj", "{C37745D0-275D-4DCE-9DDC-C4663A462EDD}"
EndProject
Project("{F2A71F9B-5D33-465A-A702-920D77279786}") = "Froto.Roslyn", "Roslyn\Froto.Roslyn.fsproj", "{49D025ED-F804-4D97-9027-461671B333B6}"
EndProject
Project("{F2A71F9B-5D33-465A-A702-920D77279786}") = "Froto.Roslyn.Test", "Roslyn.Test\Froto.Roslyn.Test.fsproj", "{BBA2CD98-1F06-4AAD-BDFA-997BC77E73D9}"
EndProject
Project("{2150E333-8FDC-42A3-9474-1A3956D46DE8}") = "Solution Items", "Solution Items", "{2291EB39-A4CC-471C-BA12-1E58F298B395}"
	ProjectSection(SolutionItems) = preProject
		.gitattributes = .gitattributes
		.gitignore = .gitignore
		appveyor.yml = appveyor.yml
		build.config = build.config
		build.fsx = build.fsx
		paket.dependencies = paket.dependencies
		paket.lock = paket.lock
		readme.md = readme.md
		release_notes.md = release_notes.md
	EndProjectSection
EndProject
Project("{2150E333-8FDC-42A3-9474-1A3956D46DE8}") = "test", "test", "{992FDC44-075B-4B9D-BFF4-0C34093627E6}"
	ProjectSection(SolutionItems) = preProject
		test\addressbook.proto = test\addressbook.proto
		test\addressbook1.proto = test\addressbook1.proto
		test\FooOptions.proto = test\FooOptions.proto
		test\javatutorial.proto = test\javatutorial.proto
		test\nwind.proto = test\nwind.proto
		test\person.proto = test\person.proto
		test\protooptions.proto = test\protooptions.proto
		test\riak.proto = test\riak.proto
		test\riak_kv.proto = test\riak_kv.proto
		test\riak_search.proto = test\riak_search.proto
		test\rpc.proto = test\rpc.proto
		test\SearchRequest.proto = test\SearchRequest.proto
	EndProjectSection
EndProject
Project("{F2A71F9B-5D33-465A-A702-920D77279786}") = "Exe", "Exe\Exe.fsproj", "{F5D8D709-919D-4539-8908-91C540C970B3}"
EndProject
Project("{F2A71F9B-5D33-465A-A702-920D77279786}") = "Froto.Core.Test", "Froto.Core.Test\Froto.Core.Test.fsproj", "{AF2D437D-55A1-4F31-86BD-9B9D7E05CAEA}"
EndProject
Global
	GlobalSection(SolutionConfigurationPlatforms) = preSolution
		Debug|Any CPU = Debug|Any CPU
		Release|Any CPU = Release|Any CPU
	EndGlobalSection
	GlobalSection(ProjectConfigurationPlatforms) = postSolution
		{1C31DA31-BEC5-4E73-9D83-E36D18847439}.Debug|Any CPU.ActiveCfg = Debug|Any CPU
		{1C31DA31-BEC5-4E73-9D83-E36D18847439}.Debug|Any CPU.Build.0 = Debug|Any CPU
		{1C31DA31-BEC5-4E73-9D83-E36D18847439}.Release|Any CPU.ActiveCfg = Release|Any CPU
		{1C31DA31-BEC5-4E73-9D83-E36D18847439}.Release|Any CPU.Build.0 = Release|Any CPU
		{18104831-6F33-4F15-AB45-3E8527CC5181}.Debug|Any CPU.ActiveCfg = Debug|Any CPU
		{18104831-6F33-4F15-AB45-3E8527CC5181}.Debug|Any CPU.Build.0 = Debug|Any CPU
		{18104831-6F33-4F15-AB45-3E8527CC5181}.Release|Any CPU.ActiveCfg = Release|Any CPU
		{18104831-6F33-4F15-AB45-3E8527CC5181}.Release|Any CPU.Build.0 = Release|Any CPU
		{C37745D0-275D-4DCE-9DDC-C4663A462EDD}.Debug|Any CPU.ActiveCfg = Debug|Any CPU
		{C37745D0-275D-4DCE-9DDC-C4663A462EDD}.Debug|Any CPU.Build.0 = Debug|Any CPU
		{C37745D0-275D-4DCE-9DDC-C4663A462EDD}.Release|Any CPU.ActiveCfg = Release|Any CPU
		{C37745D0-275D-4DCE-9DDC-C4663A462EDD}.Release|Any CPU.Build.0 = Release|Any CPU
		{49D025ED-F804-4D97-9027-461671B333B6}.Debug|Any CPU.ActiveCfg = Debug|Any CPU
		{49D025ED-F804-4D97-9027-461671B333B6}.Debug|Any CPU.Build.0 = Debug|Any CPU
		{49D025ED-F804-4D97-9027-461671B333B6}.Release|Any CPU.ActiveCfg = Release|Any CPU
		{49D025ED-F804-4D97-9027-461671B333B6}.Release|Any CPU.Build.0 = Release|Any CPU
		{BBA2CD98-1F06-4AAD-BDFA-997BC77E73D9}.Debug|Any CPU.ActiveCfg = Debug|Any CPU
		{BBA2CD98-1F06-4AAD-BDFA-997BC77E73D9}.Debug|Any CPU.Build.0 = Debug|Any CPU
		{BBA2CD98-1F06-4AAD-BDFA-997BC77E73D9}.Release|Any CPU.ActiveCfg = Release|Any CPU
		{BBA2CD98-1F06-4AAD-BDFA-997BC77E73D9}.Release|Any CPU.Build.0 = Release|Any CPU
		{F5D8D709-919D-4539-8908-91C540C970B3}.Debug|Any CPU.ActiveCfg = Debug|Any CPU
		{F5D8D709-919D-4539-8908-91C540C970B3}.Debug|Any CPU.Build.0 = Debug|Any CPU
		{F5D8D709-919D-4539-8908-91C540C970B3}.Release|Any CPU.ActiveCfg = Release|Any CPU
		{F5D8D709-919D-4539-8908-91C540C970B3}.Release|Any CPU.Build.0 = Release|Any CPU
		{AF2D437D-55A1-4F31-86BD-9B9D7E05CAEA}.Debug|Any CPU.ActiveCfg = Debug|Any CPU
		{AF2D437D-55A1-4F31-86BD-9B9D7E05CAEA}.Debug|Any CPU.Build.0 = Debug|Any CPU
		{AF2D437D-55A1-4F31-86BD-9B9D7E05CAEA}.Release|Any CPU.ActiveCfg = Release|Any CPU
		{AF2D437D-55A1-4F31-86BD-9B9D7E05CAEA}.Release|Any CPU.Build.0 = Release|Any CPU
	EndGlobalSection
	GlobalSection(SolutionProperties) = preSolution
		HideSolutionNode = FALSE
	EndGlobalSection
	GlobalSection(NestedProjects) = preSolution
		{992FDC44-075B-4B9D-BFF4-0C34093627E6} = {2291EB39-A4CC-471C-BA12-1E58F298B395}
	EndGlobalSection
EndGlobal
