
Microsoft Visual Studio Solution File, Format Version 12.00
# Visual Studio 2012
Project("{F2A71F9B-5D33-465A-A702-920D77279786}") = "Froto.Parser", "ProtoParser\Froto.Parser.fsproj", "{1C31DA31-BEC5-4E73-9D83-E36D18847439}"
EndProject
Project("{F2A71F9B-5D33-465A-A702-920D77279786}") = "Froto.Parser.Test", "ProtoParser.Test\Froto.Parser.Test.fsproj", "{18104831-6F33-4F15-AB45-3E8527CC5181}"
EndProject
Project("{2150E333-8FDC-42A3-9474-1A3956D46DE8}") = ".nuget", ".nuget", "{67C7514D-6C9E-46FE-B6FC-1E20ABD6542F}"
	ProjectSection(SolutionItems) = preProject
		.nuget\NuGet.Config = .nuget\NuGet.Config
		.nuget\NuGet.exe = .nuget\NuGet.exe
		.nuget\NuGet.targets = .nuget\NuGet.targets
	EndProjectSection
EndProject
Global
	GlobalSection(SolutionConfigurationPlatforms) = preSolution
		Debug|Any CPU = Debug|Any CPU
		Release|Any CPU = Release|Any CPU
	EndGlobalSection
	GlobalSection(ProjectConfigurationPlatforms) = postSolution
		{1C31DA31-BEC5-4E73-9D83-E36D18847439}.Debug|Any CPU.ActiveCfg = Debug|Any CPU
		{1C31DA31-BEC5-4E73-9D83-E36D18847439}.Debug|Any CPU.Build.0 = Debug|Any CPU
		{1C31DA31-BEC5-4E73-9D83-E36D18847439}.Release|Any CPU.ActiveCfg = Release|Any CPU
		{1C31DA31-BEC5-4E73-9D83-E36D18847439}.Release|Any CPU.Build.0 = Release|Any CPU
		{18104831-6F33-4F15-AB45-3E8527CC5181}.Debug|Any CPU.ActiveCfg = Debug|Any CPU
		{18104831-6F33-4F15-AB45-3E8527CC5181}.Debug|Any CPU.Build.0 = Debug|Any CPU
		{18104831-6F33-4F15-AB45-3E8527CC5181}.Release|Any CPU.ActiveCfg = Release|Any CPU
		{18104831-6F33-4F15-AB45-3E8527CC5181}.Release|Any CPU.Build.0 = Release|Any CPU
	EndGlobalSection
	GlobalSection(SolutionProperties) = preSolution
		HideSolutionNode = FALSE
	EndGlobalSection
EndGlobal
