
Microsoft Visual Studio Solution File, Format Version 12.00
# Visual Studio 14
VisualStudioVersion = 14.0.24720.0
MinimumVisualStudioVersion = 10.0.40219.1
Project("{F2A71F9B-5D33-465A-A702-920D77279786}") = "Froto.TypeProvider.Test.Old", "TypeProvider.Test.Old\Froto.TypeProvider.Test.fsproj", "{710D3AFE-1EB9-4ABB-B9B3-D30991B862DB}"
EndProject
Project("{2150E333-8FDC-42A3-9474-1A3956D46DE8}") = "docs", "docs", "{60E8A8C7-D42A-4C33-A2AD-32752CB33A46}"
	ProjectSection(SolutionItems) = preProject
		docs\type-provider\paket.dependencies = docs\type-provider\paket.dependencies
		docs\type-provider\protocol.proto = docs\type-provider\protocol.proto
		docs\type-provider\sample.fsx = docs\type-provider\sample.fsx
		docs\type-provider\type-provider.md = docs\type-provider\type-provider.md
	EndProjectSection
EndProject
Global
	GlobalSection(SolutionConfigurationPlatforms) = preSolution
		Debug|Any CPU = Debug|Any CPU
		Release|Any CPU = Release|Any CPU
	EndGlobalSection
	GlobalSection(ProjectConfigurationPlatforms) = postSolution
		{710D3AFE-1EB9-4ABB-B9B3-D30991B862DB}.Debug|Any CPU.ActiveCfg = Debug|Any CPU
		{710D3AFE-1EB9-4ABB-B9B3-D30991B862DB}.Debug|Any CPU.Build.0 = Debug|Any CPU
		{710D3AFE-1EB9-4ABB-B9B3-D30991B862DB}.Release|Any CPU.ActiveCfg = Release|Any CPU
		{710D3AFE-1EB9-4ABB-B9B3-D30991B862DB}.Release|Any CPU.Build.0 = Release|Any CPU
	EndGlobalSection
	GlobalSection(SolutionProperties) = preSolution
		HideSolutionNode = FALSE
	EndGlobalSection
EndGlobal
