{
  "version": 1,
  "dependencies": {
    ".NETStandard,Version=v2.0": {
      "FParsec": {
        "type": "Direct",
        "requested": "[1.0.3, )",
        "resolved": "1.0.3",
        "contentHash": "0VoZapcSUHsNCixYawx8RFZHJMRVykaKsks5OOUXRP0bZCpr7UCP6kIjbVFGHIqqBGPtICUMy7j521sH0ZcmrQ==",
        "dependencies": {
          "FSharp.Core": "4.2.3",
          "NETStandard.Library": "1.6.1"
        }
      },
      "FSharp.Core": {
        "type": "Direct",
        "requested": "[4.5.2, )",
        "resolved": "4.5.2",
        "contentHash": "apbdQOjzsjQ637kTWQuW29jqwY18jsHMyNC5A+TPJZKFEIE2cIfQWf3V7+mXrxlbX69BueYkv293/g70wuXuRw=="
      },
      "Nerdbank.GitVersioning": {
        "type": "Direct",
        "requested": "[3.1.6-beta, )",
        "resolved": "3.1.6-beta",
        "contentHash": "7PUZVnh/gu5UDnakKVSEvTnWRKMDEZgQR+S2VTNbSJq6zmbW0+pARfW4XZA7Av6gd/ErehsDDkhmBY9yFOQs3w=="
      },
      "NETStandard.Library": {
        "type": "Direct",
        "requested": "[2.0.3, )",
        "resolved": "2.0.3",
        "contentHash": "st47PosZSHrjECdjeIzZQbzivYBJFv6P2nv4cj2ypdI204DO+vZ7l5raGMiX4eXMJ53RfOIg+/s4DHVZ54Nu2A==",
        "dependencies": {
          "Microsoft.NETCore.Platforms": "1.1.0"
        }
      },
      "System.Runtime.Caching": {
        "type": "Direct",
        "requested": "[4.5.0, )",
        "resolved": "4.5.0",
        "contentHash": "95j9KShuaAENf2gLbQ/9YoJDHIWAnoaFYA71xo4QVQyLkOMginn34cD1+6RcYIrqJamLkMXgvgUnOzwzBk+U0w=="
      },
      "Microsoft.NETCore.Platforms": {
        "type": "Transitive",
        "resolved": "1.1.0",
        "contentHash": "kz0PEW2lhqygehI/d6XsPCQzD7ff7gUJaVGPVETX611eadGsA3A877GdSlU0LRVMCTH/+P3o2iDTak+S08V2+A=="
      },
      "froto.parser": {
        "type": "Project",
        "dependencies": {
          "FParsec": "1.0.3",
          "FSharp.Core": "4.5.2"
        }
      },
      "froto.serialization": {
        "type": "Project",
        "dependencies": {
          "FSharp.Core": "4.5.2"
        }
      }
    }
  }
}