{
  "version": 1,
  "dependencies": {
    ".NETCoreApp,Version=v2.1": {
      "Argu": {
        "type": "Direct",
        "requested": "[4.0.0, )",
        "resolved": "4.0.0",
        "contentHash": "6v+RyJkOk18/jvoXdVw2/GZCFgzsLLFigCrnYy66Sfh1FuRPEbxPuVN4xBZhBfdaLs1sYsg2YHee0cmYXq19iQ==",
        "dependencies": {
          "FSharp.Core": "4.2.1"
        }
      },
      "FSharp.Core": {
        "type": "Direct",
        "requested": "[4.5.2, )",
        "resolved": "4.5.2",
        "contentHash": "apbdQOjzsjQ637kTWQuW29jqwY18jsHMyNC5A+TPJZKFEIE2cIfQWf3V7+mXrxlbX69BueYkv293/g70wuXuRw=="
      },
      "Microsoft.NETCore.App": {
        "type": "Direct",
        "requested": "[2.1.0, )",
        "resolved": "2.1.0",
        "contentHash": "2DtRTpAhUdaPDnBM1R4Tbl1hxLW+3L4/byMonI+7aAQPFRmVeKc1epmM4wpxA4h1E7uK6tSPOBOU7f+MDcY5Bg==",
        "dependencies": {
          "Microsoft.NETCore.DotNetHostPolicy": "2.1.0",
          "Microsoft.NETCore.Platforms": "2.1.0",
          "Microsoft.NETCore.Targets": "2.1.0",
          "NETStandard.Library": "2.0.3"
        }
      },
      "Microsoft.SourceLink.GitHub": {
        "type": "Direct",
        "requested": "[1.0.0-beta-63127-02, )",
        "resolved": "1.0.0-beta-63127-02",
        "contentHash": "KLR4K9dCNjyKyrzuj+gM5L/TDkQe3Eu0Amp118j6he5Mzjeb84tUBtNjLGrJtyOjqgGiShTrk/XT4g4luWzkCQ==",
        "dependencies": {
          "Microsoft.Build.Tasks.Git": "1.0.0-beta-63127-02",
          "Microsoft.SourceLink.Common": "1.0.0-beta-63127-02"
        }
      },
      "Nerdbank.GitVersioning": {
        "type": "Direct",
        "requested": "[2.3.138, )",
        "resolved": "2.3.138",
        "contentHash": "scp2Kv39RdoSBfrfiIP/XmthqVeO9cK/5AAgJsbtkgMZGLafhDQe0yj8Y4FDsz3YdvC0hJxU/sCsqBEv2znO0Q=="
      },
      "FParsec": {
        "type": "Transitive",
        "resolved": "1.0.3",
        "contentHash": "0VoZapcSUHsNCixYawx8RFZHJMRVykaKsks5OOUXRP0bZCpr7UCP6kIjbVFGHIqqBGPtICUMy7j521sH0ZcmrQ==",
        "dependencies": {
          "FSharp.Core": "4.2.3",
          "NETStandard.Library": "1.6.1"
        }
      },
      "Microsoft.Build.Tasks.Git": {
        "type": "Transitive",
        "resolved": "1.0.0-beta-63127-02",
        "contentHash": "SDC7lMeyUEBTWDrhvAwb1wK5ujIhI5cc2s9ugTwWyDfXC7H07/7lkc9DP1Q6kjv4qTL3eoWrd3HQuZmA7J4DJQ=="
      },
      "Microsoft.NETCore.DotNetAppHost": {
        "type": "Transitive",
        "resolved": "2.1.0",
        "contentHash": "f/47I60Wg3SrveTvnecCQhCZCAMYlUujWF15EQ/AZTqF/54qeEJjbCIAxKcZI8ToUYzSg6JdfrHggsgjCyCE9Q=="
      },
      "Microsoft.NETCore.DotNetHostPolicy": {
        "type": "Transitive",
        "resolved": "2.1.0",
        "contentHash": "p50yZYKzhH64lmArJgoKjtvsNehECa+/sAuOQzZh5uDNBTbRKxjN8IXP1e517xdVsgrFcSNxSEVDKZIOWVjGcQ==",
        "dependencies": {
          "Microsoft.NETCore.DotNetHostResolver": "2.1.0"
        }
      },
      "Microsoft.NETCore.DotNetHostResolver": {
        "type": "Transitive",
        "resolved": "2.1.0",
        "contentHash": "fS9D8a+y55n6mHMbNqgHXaPGkjmpVH9h97OyrBxsCuo3Z8aQaFMJ5xIfmzji2ntUd/3truhMbSgSfIelHOkQpg==",
        "dependencies": {
          "Microsoft.NETCore.DotNetAppHost": "2.1.0"
        }
      },
      "Microsoft.NETCore.Platforms": {
        "type": "Transitive",
        "resolved": "2.1.0",
        "contentHash": "GmkKfoyerqmsHMn7OZj0AKpcBabD+GaafqphvX2Mw406IwiJRy1pKcKqdCfKJfYmkRyJ6+e+RaUylgdJoDa1jQ=="
      },
      "Microsoft.NETCore.Targets": {
        "type": "Transitive",
        "resolved": "2.1.0",
        "contentHash": "eYLtLavDYQqnDuy/H2xr79Fu0E32HDuA7OWpBu9vJ0ifJDSvIVWkC9HtvkEt4+LlYgXeTReHXV9G6VRtF1jb8g=="
      },
      "Microsoft.SourceLink.Common": {
        "type": "Transitive",
        "resolved": "1.0.0-beta-63127-02",
        "contentHash": "zLqiAhXjJSKPmFTvE9W0NtOpdy3E72VETj7qUkzK85nTgQiqlNWmMHr36SBcJfpo8sizJ72kFzi2alnI2/kqog=="
      },
      "NETStandard.Library": {
        "type": "Transitive",
        "resolved": "2.0.3",
        "contentHash": "elmwdh3nKEwD8f75E37sv67kjmJ36vmHNEm/FqUQfo6DQQ1yH/LwhTClS3+eqXrfDD1MbWoBXLVJvn0nBo7bvw==",
        "dependencies": {
          "Microsoft.NETCore.Platforms": "1.1.0"
        }
      },
      "Froto.Parser": {
        "type": "Project",
        "dependencies": {
          "FParsec": "1.0.3",
          "FSharp.Core": "4.5.2"
        }
      }
    }
  }
}