{
  "version": 1,
  "dependencies": {
    ".NETCoreApp,Version=v2.1": {
      "Argu": {
        "type": "Direct",
        "requested": "[5.5.0, )",
        "resolved": "5.5.0",
        "contentHash": "hiPrrKCsLmo0pFNBdGpTyEXNMjZ04tITajfmj7u/LxjMG7tOiVgbFX/Sq7pdrwjwAF8u+oQ+gYfR/wpgnr567Q==",
        "dependencies": {
          "FSharp.Core": "4.3.2",
          "System.Configuration.ConfigurationManager": "4.4.0"
        }
      },
      "FSharp.Core": {
        "type": "Direct",
        "requested": "[4.5.2, )",
        "resolved": "4.5.2",
        "contentHash": "apbdQOjzsjQ637kTWQuW29jqwY18jsHMyNC5A+TPJZKFEIE2cIfQWf3V7+mXrxlbX69BueYkv293/g70wuXuRw=="
      },
      "Microsoft.NETCore.App": {
        "type": "Direct",
        "requested": "[2.1.0, )",
        "resolved": "2.1.0",
        "contentHash": "JNHhG+j5eIhG26+H721IDmwswGUznTwwSuJMFe/08h0X2YarHvA15sVAvUkA/2Sp3W0ENNm48t+J7KTPRqEpfA==",
        "dependencies": {
          "Microsoft.NETCore.DotNetHostPolicy": "2.1.0",
          "Microsoft.NETCore.Platforms": "2.1.0",
          "Microsoft.NETCore.Targets": "2.1.0",
          "NETStandard.Library": "2.0.3"
        }
      },
      "Microsoft.SourceLink.GitHub": {
        "type": "Direct",
        "requested": "[1.0.0-beta2-19367-01, )",
        "resolved": "1.0.0-beta2-19367-01",
        "contentHash": "+Zfc8EddeIPTy9w26xrMOqIL5k5fPICfoYGPMhvlCcmENVT0pslIvrOzRaEvv1UgUL1cjbGRO8SXa1HtoVEhPA==",
        "dependencies": {
          "Microsoft.Build.Tasks.Git": "1.0.0-beta2-19367-01",
          "Microsoft.SourceLink.Common": "1.0.0-beta2-19367-01"
        }
      },
      "Nerdbank.GitVersioning": {
        "type": "Direct",
        "requested": "[3.1.6-beta, )",
        "resolved": "3.1.6-beta",
        "contentHash": "7PUZVnh/gu5UDnakKVSEvTnWRKMDEZgQR+S2VTNbSJq6zmbW0+pARfW4XZA7Av6gd/ErehsDDkhmBY9yFOQs3w=="
      },
      "FParsec": {
        "type": "Transitive",
        "resolved": "1.0.3",
        "contentHash": "0VoZapcSUHsNCixYawx8RFZHJMRVykaKsks5OOUXRP0bZCpr7UCP6kIjbVFGHIqqBGPtICUMy7j521sH0ZcmrQ==",
        "dependencies": {
          "FSharp.Core": "4.2.3",
          "NETStandard.Library": "1.6.1"
        }
      },
      "Microsoft.Build.Tasks.Git": {
        "type": "Transitive",
        "resolved": "1.0.0-beta2-19367-01",
        "contentHash": "3kbkb7aUF41YuJnQzoCJRbjb6bgYY3KHlJ9GGJZ30Y5ytdFusLAC5o3/kfE+Vm6slvu4EBgIwMUknL6U+Pu9uA=="
      },
      "Microsoft.NETCore.DotNetAppHost": {
        "type": "Transitive",
        "resolved": "2.1.0",
        "contentHash": "vMn8V3GOp/SPOG2oE8WxswzAWZ/GZmc8EPiB3vc2EZ6us14ehXhsvUFXndYopGNSjCa9OdqC6L6xStF1KyUZnw=="
      },
      "Microsoft.NETCore.DotNetHostPolicy": {
        "type": "Transitive",
        "resolved": "2.1.0",
        "contentHash": "vBUwNihtLUVS2HhO6WocYfAktRmfFihm6JB8/sJ53caVW+AelvbnYpfiGzaZDpkWjN6vA3xzOKPu9Vu8Zz3p8Q==",
        "dependencies": {
          "Microsoft.NETCore.DotNetHostResolver": "2.1.0"
        }
      },
      "Microsoft.NETCore.DotNetHostResolver": {
        "type": "Transitive",
        "resolved": "2.1.0",
        "contentHash": "o0PRql5qOHFEY3d1WvzE+T7cMFKtOsWLMg8L1oTeGNnI4u5AzOj8o6AdZT3y2GxFA1DAx7AQ9qZjpCO2/bgZRw==",
        "dependencies": {
          "Microsoft.NETCore.DotNetAppHost": "2.1.0"
        }
      },
      "Microsoft.NETCore.Platforms": {
        "type": "Transitive",
        "resolved": "2.1.0",
        "contentHash": "ok+RPAtESz/9MUXeIEz6Lv5XAGQsaNmEYXMsgVALj4D7kqC8gveKWXWXbufLySR2fWrwZf8smyN5RmHu0e4BHA=="
      },
      "Microsoft.NETCore.Targets": {
        "type": "Transitive",
        "resolved": "2.1.0",
        "contentHash": "x188gIZXOwFXkPXyGavEcPGcR6RGvjFOES2QzskN4gERZjWPN34qhRsZVMC0CLJfQLGSButarcgWxPPM4vmg0w=="
      },
      "Microsoft.SourceLink.Common": {
        "type": "Transitive",
        "resolved": "1.0.0-beta2-19367-01",
        "contentHash": "T6ZEkbRgqcmDoTQDn0ES4FcXiq6uOiqPmbb+hCnKQ/i45W3WjM1+hfNGmsXvTK/e/AqEGiqtXJIi9ZtmbHnzHQ=="
      },
      "NETStandard.Library": {
        "type": "Transitive",
        "resolved": "2.0.3",
        "contentHash": "st47PosZSHrjECdjeIzZQbzivYBJFv6P2nv4cj2ypdI204DO+vZ7l5raGMiX4eXMJ53RfOIg+/s4DHVZ54Nu2A==",
        "dependencies": {
          "Microsoft.NETCore.Platforms": "1.1.0"
        }
      },
      "System.Configuration.ConfigurationManager": {
        "type": "Transitive",
        "resolved": "4.4.0",
        "contentHash": "gWwQv/Ug1qWJmHCmN17nAbxJYmQBM/E94QxKLksvUiiKB1Ld3Sc/eK1lgmbSjDFxkQhVuayI/cGFZhpBSodLrg==",
        "dependencies": {
          "System.Security.Cryptography.ProtectedData": "4.4.0"
        }
      },
      "System.Security.Cryptography.ProtectedData": {
        "type": "Transitive",
        "resolved": "4.4.0",
        "contentHash": "cJV7ScGW7EhatRsjehfvvYVBvtiSMKgN8bOVI0bQhnF5bU7vnHVIsH49Kva7i7GWaWYvmEzkYVk1TC+gZYBEog=="
      },
      "froto.parser": {
        "type": "Project",
        "dependencies": {
          "FParsec": "1.0.3",
          "FSharp.Core": "4.5.2"
        }
      }
    }
  }
}